
Microsoft Visual Studio Solution File, Format Version 12.00
# Visual Studio Version 16
VisualStudioVersion = 16.0.31105.61
MinimumVisualStudioVersion = 10.0.40219.1
Project("{9A19103F-16F7-4668-BE54-9A1E7A4F7556}") = "SpaceParkConsole", "SpaceParkConsole\SpaceParkConsole.csproj", "{946A8C44-3C47-4D4F-8850-88E2CDEB5205}"
EndProject
Project("{9A19103F-16F7-4668-BE54-9A1E7A4F7556}") = "SpaceParkAPI", "SpaceParkAPI\SpaceParkAPI.csproj", "{0677E0C2-D7FE-4F86-B441-9BAB79E67374}"
EndProject
Project("{9A19103F-16F7-4668-BE54-9A1E7A4F7556}") = "SpaceParkAPITests", "SpaceParkAPITests\SpaceParkAPITests.csproj", "{926728B2-5F59-4CBB-8404-B2D495625A73}"
EndProject
Project("{E53339B2-1760-4266-BCC7-CA923CBCF16C}") = "docker-compose", "docker-compose.dcproj", "{77DAF9BC-7599-4F68-ACBA-E550AE46ED66}"
EndProject
Global
	GlobalSection(SolutionConfigurationPlatforms) = preSolution
		Debug|Any CPU = Debug|Any CPU
		Release|Any CPU = Release|Any CPU
	EndGlobalSection
	GlobalSection(ProjectConfigurationPlatforms) = postSolution
		{946A8C44-3C47-4D4F-8850-88E2CDEB5205}.Debug|Any CPU.ActiveCfg = Debug|Any CPU
		{946A8C44-3C47-4D4F-8850-88E2CDEB5205}.Debug|Any CPU.Build.0 = Debug|Any CPU
		{946A8C44-3C47-4D4F-8850-88E2CDEB5205}.Release|Any CPU.ActiveCfg = Release|Any CPU
		{946A8C44-3C47-4D4F-8850-88E2CDEB5205}.Release|Any CPU.Build.0 = Release|Any CPU
		{0677E0C2-D7FE-4F86-B441-9BAB79E67374}.Debug|Any CPU.ActiveCfg = Debug|Any CPU
		{0677E0C2-D7FE-4F86-B441-9BAB79E67374}.Debug|Any CPU.Build.0 = Debug|Any CPU
		{0677E0C2-D7FE-4F86-B441-9BAB79E67374}.Release|Any CPU.ActiveCfg = Release|Any CPU
		{0677E0C2-D7FE-4F86-B441-9BAB79E67374}.Release|Any CPU.Build.0 = Release|Any CPU
		{926728B2-5F59-4CBB-8404-B2D495625A73}.Debug|Any CPU.ActiveCfg = Debug|Any CPU
		{926728B2-5F59-4CBB-8404-B2D495625A73}.Debug|Any CPU.Build.0 = Debug|Any CPU
		{926728B2-5F59-4CBB-8404-B2D495625A73}.Release|Any CPU.ActiveCfg = Release|Any CPU
		{926728B2-5F59-4CBB-8404-B2D495625A73}.Release|Any CPU.Build.0 = Release|Any CPU
		{77DAF9BC-7599-4F68-ACBA-E550AE46ED66}.Debug|Any CPU.ActiveCfg = Debug|Any CPU
		{77DAF9BC-7599-4F68-ACBA-E550AE46ED66}.Debug|Any CPU.Build.0 = Debug|Any CPU
		{77DAF9BC-7599-4F68-ACBA-E550AE46ED66}.Release|Any CPU.ActiveCfg = Release|Any CPU
		{77DAF9BC-7599-4F68-ACBA-E550AE46ED66}.Release|Any CPU.Build.0 = Release|Any CPU
	EndGlobalSection
	GlobalSection(SolutionProperties) = preSolution
		HideSolutionNode = FALSE
	EndGlobalSection
	GlobalSection(ExtensibilityGlobals) = postSolution
		SolutionGuid = {881907A1-11E5-450A-8B62-A510F162D040}
	EndGlobalSection
EndGlobal
